
Microsoft Visual Studio Solution File, Format Version 12.00
# Visual Studio Version 17
VisualStudioVersion = 17.0.31903.59
MinimumVisualStudioVersion = 10.0.40219.1
Project("{2150E333-8FDC-42A3-9474-1A3956D46DE8}") = "src", "src", "{1449F0F1-3E0C-4CB6-8B9D-5A8D195B97FE}"
EndProject
Project("{FAE04EC0-301F-11D3-BF4B-00C04F79EFBC}") = "CheckExcelFormat", "src\CheckExcelFormat\CheckExcelFormat.csproj", "{50BB94E9-6389-482C-B94B-2A08C9C6E6EA}"
EndProject
Global
	GlobalSection(SolutionConfigurationPlatforms) = preSolution
		Debug|Any CPU = Debug|Any CPU
		Release|Any CPU = Release|Any CPU
	EndGlobalSection
	GlobalSection(SolutionProperties) = preSolution
		HideSolutionNode = FALSE
	EndGlobalSection
	GlobalSection(ProjectConfigurationPlatforms) = postSolution
		{50BB94E9-6389-482C-B94B-2A08C9C6E6EA}.Debug|Any CPU.ActiveCfg = Debug|Any CPU
		{50BB94E9-6389-482C-B94B-2A08C9C6E6EA}.Debug|Any CPU.Build.0 = Debug|Any CPU
		{50BB94E9-6389-482C-B94B-2A08C9C6E6EA}.Release|Any CPU.ActiveCfg = Release|Any CPU
		{50BB94E9-6389-482C-B94B-2A08C9C6E6EA}.Release|Any CPU.Build.0 = Release|Any CPU
	EndGlobalSection
	GlobalSection(NestedProjects) = preSolution
		{50BB94E9-6389-482C-B94B-2A08C9C6E6EA} = {1449F0F1-3E0C-4CB6-8B9D-5A8D195B97FE}
	EndGlobalSection
EndGlobal
